
Microsoft Visual Studio Solution File, Format Version 12.00
# Visual Studio Version 16
VisualStudioVersion = 16.0.29102.190
MinimumVisualStudioVersion = 10.0.40219.1
Project("{9A19103F-16F7-4668-BE54-9A1E7A4F7556}") = "Aksl.BulkInsert", "Aksl.BulkInsert\Aksl.BulkInsert.csproj", "{A6C36687-E7C0-41FE-9387-6FB155329317}"
EndProject
Project("{9A19103F-16F7-4668-BE54-9A1E7A4F7556}") = "Aksl.Concurrency", "..\Aksl.Concurrency\Aksl.Concurrency.csproj", "{CD843A2A-A22C-4444-8A30-0A60E315D6F5}"
EndProject
Project("{9A19103F-16F7-4668-BE54-9A1E7A4F7556}") = "Aksl.Pipeline", "..\Aksl.Pipeline\Aksl.Pipeline.csproj", "{5C6E05CC-3B34-4C71-A163-5790DAC9A9FC}"
EndProject
Global
	GlobalSection(SolutionConfigurationPlatforms) = preSolution
		Debug|Any CPU = Debug|Any CPU
		Debug|x86 = Debug|x86
		Release|Any CPU = Release|Any CPU
		Release|x86 = Release|x86
	EndGlobalSection
	GlobalSection(ProjectConfigurationPlatforms) = postSolution
		{A6C36687-E7C0-41FE-9387-6FB155329317}.Debug|Any CPU.ActiveCfg = Debug|Any CPU
		{A6C36687-E7C0-41FE-9387-6FB155329317}.Debug|Any CPU.Build.0 = Debug|Any CPU
		{A6C36687-E7C0-41FE-9387-6FB155329317}.Debug|x86.ActiveCfg = Debug|Any CPU
		{A6C36687-E7C0-41FE-9387-6FB155329317}.Debug|x86.Build.0 = Debug|Any CPU
		{A6C36687-E7C0-41FE-9387-6FB155329317}.Release|Any CPU.ActiveCfg = Release|Any CPU
		{A6C36687-E7C0-41FE-9387-6FB155329317}.Release|Any CPU.Build.0 = Release|Any CPU
		{A6C36687-E7C0-41FE-9387-6FB155329317}.Release|x86.ActiveCfg = Release|Any CPU
		{A6C36687-E7C0-41FE-9387-6FB155329317}.Release|x86.Build.0 = Release|Any CPU
		{CD843A2A-A22C-4444-8A30-0A60E315D6F5}.Debug|Any CPU.ActiveCfg = Debug|Any CPU
		{CD843A2A-A22C-4444-8A30-0A60E315D6F5}.Debug|Any CPU.Build.0 = Debug|Any CPU
		{CD843A2A-A22C-4444-8A30-0A60E315D6F5}.Debug|x86.ActiveCfg = Debug|x86
		{CD843A2A-A22C-4444-8A30-0A60E315D6F5}.Debug|x86.Build.0 = Debug|x86
		{CD843A2A-A22C-4444-8A30-0A60E315D6F5}.Release|Any CPU.ActiveCfg = Release|Any CPU
		{CD843A2A-A22C-4444-8A30-0A60E315D6F5}.Release|Any CPU.Build.0 = Release|Any CPU
		{CD843A2A-A22C-4444-8A30-0A60E315D6F5}.Release|x86.ActiveCfg = Release|x86
		{CD843A2A-A22C-4444-8A30-0A60E315D6F5}.Release|x86.Build.0 = Release|x86
		{5C6E05CC-3B34-4C71-A163-5790DAC9A9FC}.Debug|Any CPU.ActiveCfg = Debug|Any CPU
		{5C6E05CC-3B34-4C71-A163-5790DAC9A9FC}.Debug|Any CPU.Build.0 = Debug|Any CPU
		{5C6E05CC-3B34-4C71-A163-5790DAC9A9FC}.Debug|x86.ActiveCfg = Debug|x86
		{5C6E05CC-3B34-4C71-A163-5790DAC9A9FC}.Debug|x86.Build.0 = Debug|x86
		{5C6E05CC-3B34-4C71-A163-5790DAC9A9FC}.Release|Any CPU.ActiveCfg = Release|Any CPU
		{5C6E05CC-3B34-4C71-A163-5790DAC9A9FC}.Release|Any CPU.Build.0 = Release|Any CPU
		{5C6E05CC-3B34-4C71-A163-5790DAC9A9FC}.Release|x86.ActiveCfg = Release|x86
		{5C6E05CC-3B34-4C71-A163-5790DAC9A9FC}.Release|x86.Build.0 = Release|x86
	EndGlobalSection
	GlobalSection(SolutionProperties) = preSolution
		HideSolutionNode = FALSE
	EndGlobalSection
	GlobalSection(ExtensibilityGlobals) = postSolution
		SolutionGuid = {1C02FCEB-3B11-4682-A8B0-D563554BA33E}
	EndGlobalSection
EndGlobal
